{
  "requires": true,
  "lockfileVersion": 1,
  "dependencies": {
    "@fortawesome/fontawesome-free": {
      "version": "5.15.1",
      "resolved": "https://registry.npmjs.org/@fortawesome/fontawesome-free/-/fontawesome-free-5.15.1.tgz",
      "integrity": "sha512-OEdH7SyC1suTdhBGW91/zBfR6qaIhThbcN8PUXtXilY4GYnSBbVqOntdHbC1vXwsDnX0Qix2m2+DSU1J51ybOQ=="
    },
    "sweetalert2": {
      "version": "10.3.5",
      "resolved": "https://registry.npmjs.org/sweetalert2/-/sweetalert2-10.3.5.tgz",
      "integrity": "sha512-8XBQvW2frWVn0Xs80qyraRXcb3Mg/aKG+9sdVPlzViDIYJfLhMeda3pRuyGzyvrPXbBQ3KRjs+66xKH3kz8/og=="
    }
  }
}
